// !$*UTF8*$!
{
	archiveVersion = 1;
	classes = {
	};
	objectVersion = 48;
	objects = {

/* Begin PBXBuildFile section */
		84356CE2207B183D00BCFD89 /* SignUpViewController.swift in Sources */ = {isa = PBXBuildFile; fileRef = 84356CE1207B183D00BCFD89 /* SignUpViewController.swift */; };
		84393A71207EB675001679A3 /* PostTableViewCell.swift in Sources */ = {isa = PBXBuildFile; fileRef = 84393A6F207EB675001679A3 /* PostTableViewCell.swift */; };
		84393A72207EB675001679A3 /* PostTableViewCell.xib in Resources */ = {isa = PBXBuildFile; fileRef = 84393A70207EB675001679A3 /* PostTableViewCell.xib */; };
		84393A7720801371001679A3 /* ChangeToHeaderViewController.swift in Sources */ = {isa = PBXBuildFile; fileRef = 84393A7620801371001679A3 /* ChangeToHeaderViewController.swift */; };
		8469EFA5207C1D70001AFD80 /* ScanViewController.swift in Sources */ = {isa = PBXBuildFile; fileRef = 8469EFA4207C1D70001AFD80 /* ScanViewController.swift */; };
		8469EFA7207C1E72001AFD80 /* PantryViewController.swift in Sources */ = {isa = PBXBuildFile; fileRef = 8469EFA6207C1E72001AFD80 /* PantryViewController.swift */; };
		848900B8206EDD3500024FCD /* GroceriesViewController.swift in Sources */ = {isa = PBXBuildFile; fileRef = 848900B7206EDD3500024FCD /* GroceriesViewController.swift */; };
		8496F5DD2071625C001E2656 /* GoogleService-Info.plist in Resources */ = {isa = PBXBuildFile; fileRef = 8496F5DB2071625C001E2656 /* GoogleService-Info.plist */; };
		84A9765D206C750400D6809E /* AppDelegate.swift in Sources */ = {isa = PBXBuildFile; fileRef = 84A9765C206C750400D6809E /* AppDelegate.swift */; };
		84A9765F206C750400D6809E /* FirstViewController.swift in Sources */ = {isa = PBXBuildFile; fileRef = 84A9765E206C750400D6809E /* FirstViewController.swift */; };
		84A97661206C750400D6809E /* SecondViewController.swift in Sources */ = {isa = PBXBuildFile; fileRef = 84A97660206C750400D6809E /* SecondViewController.swift */; };
		84A97664206C750400D6809E /* Main.storyboard in Resources */ = {isa = PBXBuildFile; fileRef = 84A97662206C750400D6809E /* Main.storyboard */; };
		84A97666206C750400D6809E /* Assets.xcassets in Resources */ = {isa = PBXBuildFile; fileRef = 84A97665206C750400D6809E /* Assets.xcassets */; };
		84A97669206C750400D6809E /* LaunchScreen.storyboard in Resources */ = {isa = PBXBuildFile; fileRef = 84A97667206C750400D6809E /* LaunchScreen.storyboard */; };
		84A97673206C812400D6809E /* TakePhotoViewController.swift in Sources */ = {isa = PBXBuildFile; fileRef = 84A97672206C812400D6809E /* TakePhotoViewController.swift */; };
		84A97675206D5BFD00D6809E /* AddRecipeNameViewController.swift in Sources */ = {isa = PBXBuildFile; fileRef = 84A97674206D5BFD00D6809E /* AddRecipeNameViewController.swift */; };
		84A97677206D687900D6809E /* AddIngredientsViewController.swift in Sources */ = {isa = PBXBuildFile; fileRef = 84A97676206D687900D6809E /* AddIngredientsViewController.swift */; };
		84A9769B206D935E00D6809E /* AddRecipeViewController.swift in Sources */ = {isa = PBXBuildFile; fileRef = 84A9769A206D935E00D6809E /* AddRecipeViewController.swift */; };
		84E1E0EC206E90FB00E67EE1 /* LoginViewController.swift in Sources */ = {isa = PBXBuildFile; fileRef = 84E1E0EB206E90FB00E67EE1 /* LoginViewController.swift */; };
		84EF613F20817C8700A88C55 /* Post.swift in Sources */ = {isa = PBXBuildFile; fileRef = 84EF613E20817C8700A88C55 /* Post.swift */; };
		84EF61412081916800A88C55 /* UserProfile.swift in Sources */ = {isa = PBXBuildFile; fileRef = 84EF61402081916800A88C55 /* UserProfile.swift */; };
		9D68BCC4D01E2BC080271696 /* Pods_Foodie.framework in Frameworks */ = {isa = PBXBuildFile; fileRef = 6E51FB759E3840C0EB575EE7 /* Pods_Foodie.framework */; };
/* End PBXBuildFile section */

/* Begin PBXFileReference section */
		6E51FB759E3840C0EB575EE7 /* Pods_Foodie.framework */ = {isa = PBXFileReference; explicitFileType = wrapper.framework; includeInIndex = 0; path = Pods_Foodie.framework; sourceTree = BUILT_PRODUCTS_DIR; };
		84070B8B20701DB5001414B8 /* Foodie.app */ = {isa = PBXFileReference; explicitFileType = wrapper.application; includeInIndex = 0; path = Foodie.app; sourceTree = BUILT_PRODUCTS_DIR; };
		84356CE1207B183D00BCFD89 /* SignUpViewController.swift */ = {isa = PBXFileReference; lastKnownFileType = sourcecode.swift; path = SignUpViewController.swift; sourceTree = "<group>"; };
		84393A6F207EB675001679A3 /* PostTableViewCell.swift */ = {isa = PBXFileReference; lastKnownFileType = sourcecode.swift; path = PostTableViewCell.swift; sourceTree = "<group>"; };
		84393A70207EB675001679A3 /* PostTableViewCell.xib */ = {isa = PBXFileReference; lastKnownFileType = file.xib; path = PostTableViewCell.xib; sourceTree = "<group>"; };
		84393A7620801371001679A3 /* ChangeToHeaderViewController.swift */ = {isa = PBXFileReference; lastKnownFileType = sourcecode.swift; path = ChangeToHeaderViewController.swift; sourceTree = "<group>"; };
		8469EFA4207C1D70001AFD80 /* ScanViewController.swift */ = {isa = PBXFileReference; lastKnownFileType = sourcecode.swift; path = ScanViewController.swift; sourceTree = "<group>"; };
		8469EFA6207C1E72001AFD80 /* PantryViewController.swift */ = {isa = PBXFileReference; lastKnownFileType = sourcecode.swift; path = PantryViewController.swift; sourceTree = "<group>"; };
		848900B7206EDD3500024FCD /* GroceriesViewController.swift */ = {isa = PBXFileReference; lastKnownFileType = sourcecode.swift; name = GroceriesViewController.swift; path = ../GroceriesViewController.swift; sourceTree = "<group>"; };
		8496F5DC2071625C001E2656 /* Base */ = {isa = PBXFileReference; lastKnownFileType = text.plist.xml; name = Base; path = "GoogleService-Info.plist"; sourceTree = "<group>"; };
		84A9765C206C750400D6809E /* AppDelegate.swift */ = {isa = PBXFileReference; lastKnownFileType = sourcecode.swift; name = AppDelegate.swift; path = ../AppDelegate.swift; sourceTree = "<group>"; };
		84A9765E206C750400D6809E /* FirstViewController.swift */ = {isa = PBXFileReference; lastKnownFileType = sourcecode.swift; name = FirstViewController.swift; path = ../FirstViewController.swift; sourceTree = "<group>"; };
		84A97660206C750400D6809E /* SecondViewController.swift */ = {isa = PBXFileReference; lastKnownFileType = sourcecode.swift; name = SecondViewController.swift; path = ../SecondViewController.swift; sourceTree = "<group>"; };
		84A97663206C750400D6809E /* Base */ = {isa = PBXFileReference; lastKnownFileType = file.storyboard; name = Base; path = Base.lproj/Main.storyboard; sourceTree = "<group>"; };
		84A97665206C750400D6809E /* Assets.xcassets */ = {isa = PBXFileReference; lastKnownFileType = folder.assetcatalog; path = Assets.xcassets; sourceTree = "<group>"; };
		84A97668206C750400D6809E /* Base */ = {isa = PBXFileReference; lastKnownFileType = file.storyboard; name = Base; path = Base.lproj/LaunchScreen.storyboard; sourceTree = "<group>"; };
		84A9766A206C750400D6809E /* Info.plist */ = {isa = PBXFileReference; lastKnownFileType = text.plist.xml; path = Info.plist; sourceTree = "<group>"; };
		84A97672206C812400D6809E /* TakePhotoViewController.swift */ = {isa = PBXFileReference; lastKnownFileType = sourcecode.swift; name = TakePhotoViewController.swift; path = ../TakePhotoViewController.swift; sourceTree = "<group>"; };
		84A97674206D5BFD00D6809E /* AddRecipeNameViewController.swift */ = {isa = PBXFileReference; lastKnownFileType = sourcecode.swift; name = AddRecipeNameViewController.swift; path = ../AddRecipeNameViewController.swift; sourceTree = "<group>"; };
		84A97676206D687900D6809E /* AddIngredientsViewController.swift */ = {isa = PBXFileReference; lastKnownFileType = sourcecode.swift; name = AddIngredientsViewController.swift; path = ../AddIngredientsViewController.swift; sourceTree = "<group>"; };
		84A9769A206D935E00D6809E /* AddRecipeViewController.swift */ = {isa = PBXFileReference; lastKnownFileType = sourcecode.swift; name = AddRecipeViewController.swift; path = ../AddRecipeViewController.swift; sourceTree = "<group>"; };
		84E1E0EB206E90FB00E67EE1 /* LoginViewController.swift */ = {isa = PBXFileReference; lastKnownFileType = sourcecode.swift; name = LoginViewController.swift; path = ../LoginViewController.swift; sourceTree = "<group>"; };
		84EF613E20817C8700A88C55 /* Post.swift */ = {isa = PBXFileReference; lastKnownFileType = sourcecode.swift; path = Post.swift; sourceTree = "<group>"; };
		84EF61402081916800A88C55 /* UserProfile.swift */ = {isa = PBXFileReference; lastKnownFileType = sourcecode.swift; path = UserProfile.swift; sourceTree = "<group>"; };
		C1D6E4848B8D2AB13870BDB9 /* Pods-Foodie.release.xcconfig */ = {isa = PBXFileReference; includeInIndex = 1; lastKnownFileType = text.xcconfig; name = "Pods-Foodie.release.xcconfig"; path = "Pods/Target Support Files/Pods-Foodie/Pods-Foodie.release.xcconfig"; sourceTree = "<group>"; };
		DFE6993715A02032F85C9D39 /* Pods-Foodie.debug.xcconfig */ = {isa = PBXFileReference; includeInIndex = 1; lastKnownFileType = text.xcconfig; name = "Pods-Foodie.debug.xcconfig"; path = "Pods/Target Support Files/Pods-Foodie/Pods-Foodie.debug.xcconfig"; sourceTree = "<group>"; };
/* End PBXFileReference section */

/* Begin PBXFrameworksBuildPhase section */
		84A97656206C750400D6809E /* Frameworks */ = {
			isa = PBXFrameworksBuildPhase;
			buildActionMask = 2147483647;
			files = (
				9D68BCC4D01E2BC080271696 /* Pods_Foodie.framework in Frameworks */,
			);
			runOnlyForDeploymentPostprocessing = 0;
		};
/* End PBXFrameworksBuildPhase section */

/* Begin PBXGroup section */
		84A97650206C750400D6809E = {
			isa = PBXGroup;
			children = (
				84A9765B206C750400D6809E /* Foodie */,
				84A97665206C750400D6809E /* Assets.xcassets */,
				84070B8B20701DB5001414B8 /* Foodie.app */,
				84A9766A206C750400D6809E /* Info.plist */,
				87D6576882E2DA1775526A09 /* Pods */,
				DAA3345F2C04E084298D541D /* Frameworks */,
			);
			sourceTree = "<group>";
		};
		84A9765B206C750400D6809E /* Foodie */ = {
			isa = PBXGroup;
			children = (
				84A9765C206C750400D6809E /* AppDelegate.swift */,
				84A97662206C750400D6809E /* Main.storyboard */,
				84393A6F207EB675001679A3 /* PostTableViewCell.swift */,
				84393A70207EB675001679A3 /* PostTableViewCell.xib */,
				84393A7620801371001679A3 /* ChangeToHeaderViewController.swift */,
				8469EFA4207C1D70001AFD80 /* ScanViewController.swift */,
				8469EFA6207C1E72001AFD80 /* PantryViewController.swift */,
				84356CE1207B183D00BCFD89 /* SignUpViewController.swift */,
				848900B7206EDD3500024FCD /* GroceriesViewController.swift */,
				84A9765E206C750400D6809E /* FirstViewController.swift */,
				84E1E0EB206E90FB00E67EE1 /* LoginViewController.swift */,
				84A97660206C750400D6809E /* SecondViewController.swift */,
				84A97674206D5BFD00D6809E /* AddRecipeNameViewController.swift */,
				84A97676206D687900D6809E /* AddIngredientsViewController.swift */,
				84A9769A206D935E00D6809E /* AddRecipeViewController.swift */,
				84A97672206C812400D6809E /* TakePhotoViewController.swift */,
				84EF613D20817C5300A88C55 /* Models */,
				84A97667206C750400D6809E /* LaunchScreen.storyboard */,
				8496F5DB2071625C001E2656 /* GoogleService-Info.plist */,
			);
			name = Foodie;
			path = Base.lproj;
			sourceTree = "<group>";
		};
		84EF613D20817C5300A88C55 /* Models */ = {
			isa = PBXGroup;
			children = (
				84EF613E20817C8700A88C55 /* Post.swift */,
				84EF61402081916800A88C55 /* UserProfile.swift */,
			);
			name = Models;
			path = "New Group";
			sourceTree = "<group>";
		};
		87D6576882E2DA1775526A09 /* Pods */ = {
			isa = PBXGroup;
			children = (
				DFE6993715A02032F85C9D39 /* Pods-Foodie.debug.xcconfig */,
				C1D6E4848B8D2AB13870BDB9 /* Pods-Foodie.release.xcconfig */,
			);
			name = Pods;
			sourceTree = "<group>";
		};
		DAA3345F2C04E084298D541D /* Frameworks */ = {
			isa = PBXGroup;
			children = (
				6E51FB759E3840C0EB575EE7 /* Pods_Foodie.framework */,
			);
			name = Frameworks;
			sourceTree = "<group>";
		};
/* End PBXGroup section */

/* Begin PBXNativeTarget section */
		84A97658206C750400D6809E /* Foodie */ = {
			isa = PBXNativeTarget;
			buildConfigurationList = 84A9766D206C750400D6809E /* Build configuration list for PBXNativeTarget "Foodie" */;
			buildPhases = (
				B5465657466C2A5B0089CC6F /* [CP] Check Pods Manifest.lock */,
				84A97655206C750400D6809E /* Sources */,
				84A97656206C750400D6809E /* Frameworks */,
				84A97657206C750400D6809E /* Resources */,
				362EF7EE41484DAD3D9EC7A5 /* [CP] Embed Pods Frameworks */,
				E970F4FAAFC9816AD544349C /* [CP] Copy Pods Resources */,
			);
			buildRules = (
			);
			dependencies = (
			);
			name = Foodie;
			productName = Foodie;
			productReference = 84070B8B20701DB5001414B8 /* Foodie.app */;
			productType = "com.apple.product-type.application";
		};
/* End PBXNativeTarget section */

/* Begin PBXProject section */
		84A97651206C750400D6809E /* Project object */ = {
			isa = PBXProject;
			attributes = {
				LastSwiftUpdateCheck = 0920;
				LastUpgradeCheck = 0920;
				ORGANIZATIONNAME = "431 Consulting";
				TargetAttributes = {
					84A97658206C750400D6809E = {
						CreatedOnToolsVersion = 9.2;
						ProvisioningStyle = Automatic;
					};
				};
			};
			buildConfigurationList = 84A97654206C750400D6809E /* Build configuration list for PBXProject "Foodie" */;
			compatibilityVersion = "Xcode 8.0";
			developmentRegion = en;
			hasScannedForEncodings = 0;
			knownRegions = (
				en,
				Base,
			);
			mainGroup = 84A97650206C750400D6809E;
			productRefGroup = 84A97650206C750400D6809E;
			projectDirPath = "";
			projectRoot = "";
			targets = (
				84A97658206C750400D6809E /* Foodie */,
			);
		};
/* End PBXProject section */

/* Begin PBXResourcesBuildPhase section */
		84A97657206C750400D6809E /* Resources */ = {
			isa = PBXResourcesBuildPhase;
			buildActionMask = 2147483647;
			files = (
				8496F5DD2071625C001E2656 /* GoogleService-Info.plist in Resources */,
				84393A72207EB675001679A3 /* PostTableViewCell.xib in Resources */,
				84A97669206C750400D6809E /* LaunchScreen.storyboard in Resources */,
				84A97666206C750400D6809E /* Assets.xcassets in Resources */,
				84A97664206C750400D6809E /* Main.storyboard in Resources */,
			);
			runOnlyForDeploymentPostprocessing = 0;
		};
/* End PBXResourcesBuildPhase section */

/* Begin PBXShellScriptBuildPhase section */
		362EF7EE41484DAD3D9EC7A5 /* [CP] Embed Pods Frameworks */ = {
			isa = PBXShellScriptBuildPhase;
			buildActionMask = 2147483647;
			files = (
			);
			inputPaths = (
				"${SRCROOT}/Pods/Target Support Files/Pods-Foodie/Pods-Foodie-frameworks.sh",
				"${BUILT_PRODUCTS_DIR}/Bolts/Bolts.framework",
				"${BUILT_PRODUCTS_DIR}/BoringSSL/openssl.framework",
				"${BUILT_PRODUCTS_DIR}/FBSDKCoreKit/FBSDKCoreKit.framework",
				"${BUILT_PRODUCTS_DIR}/FBSDKLoginKit/FBSDKLoginKit.framework",
				"${BUILT_PRODUCTS_DIR}/GTMOAuth2/GTMOAuth2.framework",
				"${BUILT_PRODUCTS_DIR}/GTMSessionFetcher/GTMSessionFetcher.framework",
				"${BUILT_PRODUCTS_DIR}/GoogleToolboxForMac/GoogleToolboxForMac.framework",
				"${BUILT_PRODUCTS_DIR}/Protobuf/Protobuf.framework",
				"${BUILT_PRODUCTS_DIR}/SDWebImage/SDWebImage.framework",
				"${PODS_ROOT}/TwitterCore/iOS/TwitterCore.framework",
				"${PODS_ROOT}/TwitterKit/iOS/TwitterKit.framework",
				"${BUILT_PRODUCTS_DIR}/gRPC/GRPCClient.framework",
				"${BUILT_PRODUCTS_DIR}/gRPC-Core/grpc.framework",
				"${BUILT_PRODUCTS_DIR}/gRPC-ProtoRPC/ProtoRPC.framework",
				"${BUILT_PRODUCTS_DIR}/gRPC-RxLibrary/RxLibrary.framework",
				"${BUILT_PRODUCTS_DIR}/leveldb-library/leveldb.framework",
				"${BUILT_PRODUCTS_DIR}/nanopb/nanopb.framework",
			);
			name = "[CP] Embed Pods Frameworks";
			outputPaths = (
				"${TARGET_BUILD_DIR}/${FRAMEWORKS_FOLDER_PATH}/Bolts.framework",
				"${TARGET_BUILD_DIR}/${FRAMEWORKS_FOLDER_PATH}/openssl.framework",
				"${TARGET_BUILD_DIR}/${FRAMEWORKS_FOLDER_PATH}/FBSDKCoreKit.framework",
				"${TARGET_BUILD_DIR}/${FRAMEWORKS_FOLDER_PATH}/FBSDKLoginKit.framework",
				"${TARGET_BUILD_DIR}/${FRAMEWORKS_FOLDER_PATH}/GTMOAuth2.framework",
				"${TARGET_BUILD_DIR}/${FRAMEWORKS_FOLDER_PATH}/GTMSessionFetcher.framework",
				"${TARGET_BUILD_DIR}/${FRAMEWORKS_FOLDER_PATH}/GoogleToolboxForMac.framework",
				"${TARGET_BUILD_DIR}/${FRAMEWORKS_FOLDER_PATH}/Protobuf.framework",
				"${TARGET_BUILD_DIR}/${FRAMEWORKS_FOLDER_PATH}/SDWebImage.framework",
				"${TARGET_BUILD_DIR}/${FRAMEWORKS_FOLDER_PATH}/TwitterCore.framework",
				"${TARGET_BUILD_DIR}/${FRAMEWORKS_FOLDER_PATH}/TwitterKit.framework",
				"${TARGET_BUILD_DIR}/${FRAMEWORKS_FOLDER_PATH}/GRPCClient.framework",
				"${TARGET_BUILD_DIR}/${FRAMEWORKS_FOLDER_PATH}/grpc.framework",
				"${TARGET_BUILD_DIR}/${FRAMEWORKS_FOLDER_PATH}/ProtoRPC.framework",
				"${TARGET_BUILD_DIR}/${FRAMEWORKS_FOLDER_PATH}/RxLibrary.framework",
				"${TARGET_BUILD_DIR}/${FRAMEWORKS_FOLDER_PATH}/leveldb.framework",
				"${TARGET_BUILD_DIR}/${FRAMEWORKS_FOLDER_PATH}/nanopb.framework",
			);
			runOnlyForDeploymentPostprocessing = 0;
			shellPath = /bin/sh;
			shellScript = "\"${SRCROOT}/Pods/Target Support Files/Pods-Foodie/Pods-Foodie-frameworks.sh\"\n";
			showEnvVarsInLog = 0;
		};
		B5465657466C2A5B0089CC6F /* [CP] Check Pods Manifest.lock */ = {
			isa = PBXShellScriptBuildPhase;
			buildActionMask = 2147483647;
			files = (
			);
			inputPaths = (
				"${PODS_PODFILE_DIR_PATH}/Podfile.lock",
				"${PODS_ROOT}/Manifest.lock",
			);
			name = "[CP] Check Pods Manifest.lock";
			outputPaths = (
				"$(DERIVED_FILE_DIR)/Pods-Foodie-checkManifestLockResult.txt",
			);
			runOnlyForDeploymentPostprocessing = 0;
			shellPath = /bin/sh;
			shellScript = "diff \"${PODS_PODFILE_DIR_PATH}/Podfile.lock\" \"${PODS_ROOT}/Manifest.lock\" > /dev/null\nif [ $? != 0 ] ; then\n    # print error to STDERR\n    echo \"error: The sandbox is not in sync with the Podfile.lock. Run 'pod install' or update your CocoaPods installation.\" >&2\n    exit 1\nfi\n# This output is used by Xcode 'outputs' to avoid re-running this script phase.\necho \"SUCCESS\" > \"${SCRIPT_OUTPUT_FILE_0}\"\n";
			showEnvVarsInLog = 0;
		};
		E970F4FAAFC9816AD544349C /* [CP] Copy Pods Resources */ = {
			isa = PBXShellScriptBuildPhase;
			buildActionMask = 2147483647;
			files = (
			);
			inputPaths = (
				"${SRCROOT}/Pods/Target Support Files/Pods-Foodie/Pods-Foodie-resources.sh",
				"${PODS_CONFIGURATION_BUILD_DIR}/FirebaseUI/FirebaseAuthUI.bundle",
				"${PODS_CONFIGURATION_BUILD_DIR}/FirebaseUI/FirebaseFacebookAuthUI.bundle",
				"${PODS_CONFIGURATION_BUILD_DIR}/FirebaseUI/FirebaseGoogleAuthUI.bundle",
				"${PODS_CONFIGURATION_BUILD_DIR}/FirebaseUI/FirebasePhoneAuthUI.bundle",
				"${PODS_CONFIGURATION_BUILD_DIR}/FirebaseUI/FirebaseTwitterAuthUI.bundle",
				"${PODS_ROOT}/GoogleSignIn/Resources/GoogleSignIn.bundle",
				"${PODS_ROOT}/TwitterKit/iOS/TwitterKit.framework/TwitterKitResources.bundle",
				"${PODS_ROOT}/TwitterKit/iOS/TwitterKit.framework/TwitterShareExtensionUIResources.bundle",
			);
			name = "[CP] Copy Pods Resources";
			outputPaths = (
				"${TARGET_BUILD_DIR}/${UNLOCALIZED_RESOURCES_FOLDER_PATH}/FirebaseAuthUI.bundle",
				"${TARGET_BUILD_DIR}/${UNLOCALIZED_RESOURCES_FOLDER_PATH}/FirebaseFacebookAuthUI.bundle",
				"${TARGET_BUILD_DIR}/${UNLOCALIZED_RESOURCES_FOLDER_PATH}/FirebaseGoogleAuthUI.bundle",
				"${TARGET_BUILD_DIR}/${UNLOCALIZED_RESOURCES_FOLDER_PATH}/FirebasePhoneAuthUI.bundle",
				"${TARGET_BUILD_DIR}/${UNLOCALIZED_RESOURCES_FOLDER_PATH}/FirebaseTwitterAuthUI.bundle",
				"${TARGET_BUILD_DIR}/${UNLOCALIZED_RESOURCES_FOLDER_PATH}/GoogleSignIn.bundle",
				"${TARGET_BUILD_DIR}/${UNLOCALIZED_RESOURCES_FOLDER_PATH}/TwitterKitResources.bundle",
				"${TARGET_BUILD_DIR}/${UNLOCALIZED_RESOURCES_FOLDER_PATH}/TwitterShareExtensionUIResources.bundle",
			);
			runOnlyForDeploymentPostprocessing = 0;
			shellPath = /bin/sh;
			shellScript = "\"${SRCROOT}/Pods/Target Support Files/Pods-Foodie/Pods-Foodie-resources.sh\"\n";
			showEnvVarsInLog = 0;
		};
/* End PBXShellScriptBuildPhase section */

/* Begin PBXSourcesBuildPhase section */
		84A97655206C750400D6809E /* Sources */ = {
			isa = PBXSourcesBuildPhase;
			buildActionMask = 2147483647;
			files = (
				84E1E0EC206E90FB00E67EE1 /* LoginViewController.swift in Sources */,
				84A97661206C750400D6809E /* SecondViewController.swift in Sources */,
				84393A71207EB675001679A3 /* PostTableViewCell.swift in Sources */,
				84A9769B206D935E00D6809E /* AddRecipeViewController.swift in Sources */,
				8469EFA5207C1D70001AFD80 /* ScanViewController.swift in Sources */,
				84A9765D206C750400D6809E /* AppDelegate.swift in Sources */,
				84393A7720801371001679A3 /* ChangeToHeaderViewController.swift in Sources */,
				84356CE2207B183D00BCFD89 /* SignUpViewController.swift in Sources */,
				8469EFA7207C1E72001AFD80 /* PantryViewController.swift in Sources */,
				84EF613F20817C8700A88C55 /* Post.swift in Sources */,
				84A97673206C812400D6809E /* TakePhotoViewController.swift in Sources */,
				848900B8206EDD3500024FCD /* GroceriesViewController.swift in Sources */,
				84EF61412081916800A88C55 /* UserProfile.swift in Sources */,
				84A97677206D687900D6809E /* AddIngredientsViewController.swift in Sources */,
				84A9765F206C750400D6809E /* FirstViewController.swift in Sources */,
				84A97675206D5BFD00D6809E /* AddRecipeNameViewController.swift in Sources */,
			);
			runOnlyForDeploymentPostprocessing = 0;
		};
/* End PBXSourcesBuildPhase section */

/* Begin PBXVariantGroup section */
		8496F5DB2071625C001E2656 /* GoogleService-Info.plist */ = {
			isa = PBXVariantGroup;
			children = (
				8496F5DC2071625C001E2656 /* Base */,
			);
			name = "GoogleService-Info.plist";
			sourceTree = "<group>";
		};
		84A97662206C750400D6809E /* Main.storyboard */ = {
			isa = PBXVariantGroup;
			children = (
				84A97663206C750400D6809E /* Base */,
			);
			name = Main.storyboard;
			path = ..;
			sourceTree = "<group>";
		};
		84A97667206C750400D6809E /* LaunchScreen.storyboard */ = {
			isa = PBXVariantGroup;
			children = (
				84A97668206C750400D6809E /* Base */,
			);
			name = LaunchScreen.storyboard;
			path = ..;
			sourceTree = "<group>";
		};
/* End PBXVariantGroup section */

/* Begin XCBuildConfiguration section */
		84A9766B206C750400D6809E /* Debug */ = {
			isa = XCBuildConfiguration;
			buildSettings = {
				ALWAYS_SEARCH_USER_PATHS = NO;
				CLANG_ANALYZER_NONNULL = YES;
				CLANG_ANALYZER_NUMBER_OBJECT_CONVERSION = YES_AGGRESSIVE;
				CLANG_CXX_LANGUAGE_STANDARD = "gnu++14";
				CLANG_CXX_LIBRARY = "libc++";
				CLANG_ENABLE_MODULES = YES;
				CLANG_ENABLE_OBJC_ARC = YES;
				CLANG_WARN_BLOCK_CAPTURE_AUTORELEASING = YES;
				CLANG_WARN_BOOL_CONVERSION = YES;
				CLANG_WARN_COMMA = YES;
				CLANG_WARN_CONSTANT_CONVERSION = YES;
				CLANG_WARN_DIRECT_OBJC_ISA_USAGE = YES_ERROR;
				CLANG_WARN_DOCUMENTATION_COMMENTS = YES;
				CLANG_WARN_EMPTY_BODY = YES;
				CLANG_WARN_ENUM_CONVERSION = YES;
				CLANG_WARN_INFINITE_RECURSION = YES;
				CLANG_WARN_INT_CONVERSION = YES;
				CLANG_WARN_NON_LITERAL_NULL_CONVERSION = YES;
				CLANG_WARN_OBJC_LITERAL_CONVERSION = YES;
				CLANG_WARN_OBJC_ROOT_CLASS = YES_ERROR;
				CLANG_WARN_RANGE_LOOP_ANALYSIS = YES;
				CLANG_WARN_STRICT_PROTOTYPES = YES;
				CLANG_WARN_SUSPICIOUS_MOVE = YES;
				CLANG_WARN_UNGUARDED_AVAILABILITY = YES_AGGRESSIVE;
				CLANG_WARN_UNREACHABLE_CODE = YES;
				CLANG_WARN__DUPLICATE_METHOD_MATCH = YES;
				CODE_SIGN_IDENTITY = "iPhone Developer";
				COPY_PHASE_STRIP = NO;
				DEBUG_INFORMATION_FORMAT = dwarf;
				ENABLE_STRICT_OBJC_MSGSEND = YES;
				ENABLE_TESTABILITY = YES;
				GCC_C_LANGUAGE_STANDARD = gnu11;
				GCC_DYNAMIC_NO_PIC = NO;
				GCC_NO_COMMON_BLOCKS = YES;
				GCC_OPTIMIZATION_LEVEL = 0;
				GCC_PREPROCESSOR_DEFINITIONS = (
					"DEBUG=1",
					"$(inherited)",
				);
				GCC_WARN_64_TO_32_BIT_CONVERSION = YES;
				GCC_WARN_ABOUT_RETURN_TYPE = YES_ERROR;
				GCC_WARN_UNDECLARED_SELECTOR = YES;
				GCC_WARN_UNINITIALIZED_AUTOS = YES_AGGRESSIVE;
				GCC_WARN_UNUSED_FUNCTION = YES;
				GCC_WARN_UNUSED_VARIABLE = YES;
				IPHONEOS_DEPLOYMENT_TARGET = 11.2;
				MTL_ENABLE_DEBUG_INFO = YES;
				ONLY_ACTIVE_ARCH = YES;
				SDKROOT = iphoneos;
				SWIFT_ACTIVE_COMPILATION_CONDITIONS = DEBUG;
				SWIFT_OPTIMIZATION_LEVEL = "-Onone";
			};
			name = Debug;
		};
		84A9766C206C750400D6809E /* Release */ = {
			isa = XCBuildConfiguration;
			buildSettings = {
				ALWAYS_SEARCH_USER_PATHS = NO;
				CLANG_ANALYZER_NONNULL = YES;
				CLANG_ANALYZER_NUMBER_OBJECT_CONVERSION = YES_AGGRESSIVE;
				CLANG_CXX_LANGUAGE_STANDARD = "gnu++14";
				CLANG_CXX_LIBRARY = "libc++";
				CLANG_ENABLE_MODULES = YES;
				CLANG_ENABLE_OBJC_ARC = YES;
				CLANG_WARN_BLOCK_CAPTURE_AUTORELEASING = YES;
				CLANG_WARN_BOOL_CONVERSION = YES;
				CLANG_WARN_COMMA = YES;
				CLANG_WARN_CONSTANT_CONVERSION = YES;
				CLANG_WARN_DIRECT_OBJC_ISA_USAGE = YES_ERROR;
				CLANG_WARN_DOCUMENTATION_COMMENTS = YES;
				CLANG_WARN_EMPTY_BODY = YES;
				CLANG_WARN_ENUM_CONVERSION = YES;
				CLANG_WARN_INFINITE_RECURSION = YES;
				CLANG_WARN_INT_CONVERSION = YES;
				CLANG_WARN_NON_LITERAL_NULL_CONVERSION = YES;
				CLANG_WARN_OBJC_LITERAL_CONVERSION = YES;
				CLANG_WARN_OBJC_ROOT_CLASS = YES_ERROR;
				CLANG_WARN_RANGE_LOOP_ANALYSIS = YES;
				CLANG_WARN_STRICT_PROTOTYPES = YES;
				CLANG_WARN_SUSPICIOUS_MOVE = YES;
				CLANG_WARN_UNGUARDED_AVAILABILITY = YES_AGGRESSIVE;
				CLANG_WARN_UNREACHABLE_CODE = YES;
				CLANG_WARN__DUPLICATE_METHOD_MATCH = YES;
				CODE_SIGN_IDENTITY = "iPhone Developer";
				COPY_PHASE_STRIP = NO;
				DEBUG_INFORMATION_FORMAT = "dwarf-with-dsym";
				ENABLE_NS_ASSERTIONS = NO;
				ENABLE_STRICT_OBJC_MSGSEND = YES;
				GCC_C_LANGUAGE_STANDARD = gnu11;
				GCC_NO_COMMON_BLOCKS = YES;
				GCC_WARN_64_TO_32_BIT_CONVERSION = YES;
				GCC_WARN_ABOUT_RETURN_TYPE = YES_ERROR;
				GCC_WARN_UNDECLARED_SELECTOR = YES;
				GCC_WARN_UNINITIALIZED_AUTOS = YES_AGGRESSIVE;
				GCC_WARN_UNUSED_FUNCTION = YES;
				GCC_WARN_UNUSED_VARIABLE = YES;
				IPHONEOS_DEPLOYMENT_TARGET = 11.2;
				MTL_ENABLE_DEBUG_INFO = NO;
				SDKROOT = iphoneos;
				SWIFT_OPTIMIZATION_LEVEL = "-Owholemodule";
				VALIDATE_PRODUCT = YES;
			};
			name = Release;
		};
		84A9766E206C750400D6809E /* Debug */ = {
			isa = XCBuildConfiguration;
			baseConfigurationReference = DFE6993715A02032F85C9D39 /* Pods-Foodie.debug.xcconfig */;
			buildSettings = {
				ASSETCATALOG_COMPILER_APPICON_NAME = AppIcon;
				CODE_SIGN_STYLE = Automatic;
				DEVELOPMENT_TEAM = XV8VXE87NY;
				INFOPLIST_FILE = "$(SRCROOT)/Info.plist";
				IPHONEOS_DEPLOYMENT_TARGET = 11.2;
				LD_RUNPATH_SEARCH_PATHS = "$(inherited) @executable_path/Frameworks";
				PRODUCT_BUNDLE_IDENTIFIER = com.viviphicare.viviphiwellness.Foodie;
				PRODUCT_NAME = "$(TARGET_NAME)";
				SWIFT_VERSION = 4.0;
				TARGETED_DEVICE_FAMILY = "1,2";
			};
			name = Debug;
		};
		84A9766F206C750400D6809E /* Release */ = {
			isa = XCBuildConfiguration;
			baseConfigurationReference = C1D6E4848B8D2AB13870BDB9 /* Pods-Foodie.release.xcconfig */;
			buildSettings = {
				ASSETCATALOG_COMPILER_APPICON_NAME = AppIcon;
				CODE_SIGN_STYLE = Automatic;
				DEVELOPMENT_TEAM = XV8VXE87NY;
				INFOPLIST_FILE = "$(SRCROOT)/Info.plist";
				IPHONEOS_DEPLOYMENT_TARGET = 11.2;
				LD_RUNPATH_SEARCH_PATHS = "$(inherited) @executable_path/Frameworks";
				PRODUCT_BUNDLE_IDENTIFIER = com.viviphicare.viviphiwellness.Foodie;
				PRODUCT_NAME = "$(TARGET_NAME)";
				SWIFT_VERSION = 4.0;
				TARGETED_DEVICE_FAMILY = "1,2";
			};
			name = Release;
		};
/* End XCBuildConfiguration section */

/* Begin XCConfigurationList section */
		84A97654206C750400D6809E /* Build configuration list for PBXProject "Foodie" */ = {
			isa = XCConfigurationList;
			buildConfigurations = (
				84A9766B206C750400D6809E /* Debug */,
				84A9766C206C750400D6809E /* Release */,
			);
			defaultConfigurationIsVisible = 0;
			defaultConfigurationName = Release;
		};
		84A9766D206C750400D6809E /* Build configuration list for PBXNativeTarget "Foodie" */ = {
			isa = XCConfigurationList;
			buildConfigurations = (
				84A9766E206C750400D6809E /* Debug */,
				84A9766F206C750400D6809E /* Release */,
			);
			defaultConfigurationIsVisible = 0;
			defaultConfigurationName = Release;
		};
/* End XCConfigurationList section */
	};
	rootObject = 84A97651206C750400D6809E /* Project object */;
}
